
Microsoft Visual Studio Solution File, Format Version 12.00
# Visual Studio 2012
Project("{FAE04EC0-301F-11D3-BF4B-00C04F79EFBC}") = "EasyCheckOut", "EasyCheckOut\EasyCheckOut.csproj", "{9DB1F724-7188-4F35-B733-60E2C31358CA}"
EndProject
Project("{FAE04EC0-301F-11D3-BF4B-00C04F79EFBC}") = "EasyCheckOut.iOS", "iOS\EasyCheckOut.iOS.csproj", "{528B829E-26BB-4D8F-B3CC-1CA6380E9D05}"
EndProject
Project("{FAE04EC0-301F-11D3-BF4B-00C04F79EFBC}") = "EasyCheckOut.Droid", "Droid\EasyCheckOut.Droid.csproj", "{7F50FA3D-6D32-40E0-90E9-3FB08A383D4C}"
EndProject
Project("{FAE04EC0-301F-11D3-BF4B-00C04F79EFBC}") = "EasyCheckOut.UITests", "UITests\EasyCheckOut.UITests.csproj", "{1C74E408-8E1D-426F-963D-1EF326B80D8B}"
EndProject
Global
	GlobalSection(SolutionConfigurationPlatforms) = preSolution
		Debug|Any CPU = Debug|Any CPU
		Release|Any CPU = Release|Any CPU
		Debug|iPhoneSimulator = Debug|iPhoneSimulator
		Release|iPhone = Release|iPhone
		Release|iPhoneSimulator = Release|iPhoneSimulator
		Debug|iPhone = Debug|iPhone
		test|iPhone = test|iPhone
	EndGlobalSection
	GlobalSection(ProjectConfigurationPlatforms) = postSolution
		{1C74E408-8E1D-426F-963D-1EF326B80D8B}.Debug|Any CPU.ActiveCfg = Debug|Any CPU
		{1C74E408-8E1D-426F-963D-1EF326B80D8B}.Debug|Any CPU.Build.0 = Debug|Any CPU
		{1C74E408-8E1D-426F-963D-1EF326B80D8B}.Debug|iPhone.ActiveCfg = Debug|Any CPU
		{1C74E408-8E1D-426F-963D-1EF326B80D8B}.Debug|iPhone.Build.0 = Debug|Any CPU
		{1C74E408-8E1D-426F-963D-1EF326B80D8B}.Debug|iPhoneSimulator.ActiveCfg = Debug|Any CPU
		{1C74E408-8E1D-426F-963D-1EF326B80D8B}.Debug|iPhoneSimulator.Build.0 = Debug|Any CPU
		{1C74E408-8E1D-426F-963D-1EF326B80D8B}.Release|Any CPU.ActiveCfg = Release|Any CPU
		{1C74E408-8E1D-426F-963D-1EF326B80D8B}.Release|Any CPU.Build.0 = Release|Any CPU
		{1C74E408-8E1D-426F-963D-1EF326B80D8B}.Release|iPhone.ActiveCfg = Release|Any CPU
		{1C74E408-8E1D-426F-963D-1EF326B80D8B}.Release|iPhone.Build.0 = Release|Any CPU
		{1C74E408-8E1D-426F-963D-1EF326B80D8B}.Release|iPhoneSimulator.ActiveCfg = Release|Any CPU
		{1C74E408-8E1D-426F-963D-1EF326B80D8B}.Release|iPhoneSimulator.Build.0 = Release|Any CPU
		{1C74E408-8E1D-426F-963D-1EF326B80D8B}.test|iPhone.ActiveCfg = test|iPhone
		{1C74E408-8E1D-426F-963D-1EF326B80D8B}.test|iPhone.Build.0 = test|iPhone
		{528B829E-26BB-4D8F-B3CC-1CA6380E9D05}.Debug|Any CPU.ActiveCfg = Debug|iPhoneSimulator
		{528B829E-26BB-4D8F-B3CC-1CA6380E9D05}.Debug|Any CPU.Build.0 = Debug|iPhoneSimulator
		{528B829E-26BB-4D8F-B3CC-1CA6380E9D05}.Debug|iPhone.ActiveCfg = Debug|iPhone
		{528B829E-26BB-4D8F-B3CC-1CA6380E9D05}.Debug|iPhone.Build.0 = Debug|iPhone
		{528B829E-26BB-4D8F-B3CC-1CA6380E9D05}.Debug|iPhoneSimulator.ActiveCfg = Debug|iPhoneSimulator
		{528B829E-26BB-4D8F-B3CC-1CA6380E9D05}.Debug|iPhoneSimulator.Build.0 = Debug|iPhoneSimulator
		{528B829E-26BB-4D8F-B3CC-1CA6380E9D05}.Release|Any CPU.ActiveCfg = Release|iPhone
		{528B829E-26BB-4D8F-B3CC-1CA6380E9D05}.Release|Any CPU.Build.0 = Release|iPhone
		{528B829E-26BB-4D8F-B3CC-1CA6380E9D05}.Release|iPhone.ActiveCfg = Release|iPhone
		{528B829E-26BB-4D8F-B3CC-1CA6380E9D05}.Release|iPhone.Build.0 = Release|iPhone
		{528B829E-26BB-4D8F-B3CC-1CA6380E9D05}.Release|iPhoneSimulator.ActiveCfg = Release|iPhoneSimulator
		{528B829E-26BB-4D8F-B3CC-1CA6380E9D05}.Release|iPhoneSimulator.Build.0 = Release|iPhoneSimulator
		{528B829E-26BB-4D8F-B3CC-1CA6380E9D05}.test|iPhone.ActiveCfg = test|iPhone
		{528B829E-26BB-4D8F-B3CC-1CA6380E9D05}.test|iPhone.Build.0 = test|iPhone
		{7F50FA3D-6D32-40E0-90E9-3FB08A383D4C}.Debug|Any CPU.ActiveCfg = Debug|Any CPU
		{7F50FA3D-6D32-40E0-90E9-3FB08A383D4C}.Debug|Any CPU.Build.0 = Debug|Any CPU
		{7F50FA3D-6D32-40E0-90E9-3FB08A383D4C}.Debug|iPhone.ActiveCfg = Debug|Any CPU
		{7F50FA3D-6D32-40E0-90E9-3FB08A383D4C}.Debug|iPhone.Build.0 = Debug|Any CPU
		{7F50FA3D-6D32-40E0-90E9-3FB08A383D4C}.Debug|iPhoneSimulator.ActiveCfg = Debug|Any CPU
		{7F50FA3D-6D32-40E0-90E9-3FB08A383D4C}.Debug|iPhoneSimulator.Build.0 = Debug|Any CPU
		{7F50FA3D-6D32-40E0-90E9-3FB08A383D4C}.Release|Any CPU.ActiveCfg = Release|Any CPU
		{7F50FA3D-6D32-40E0-90E9-3FB08A383D4C}.Release|Any CPU.Build.0 = Release|Any CPU
		{7F50FA3D-6D32-40E0-90E9-3FB08A383D4C}.Release|iPhone.ActiveCfg = Release|Any CPU
		{7F50FA3D-6D32-40E0-90E9-3FB08A383D4C}.Release|iPhone.Build.0 = Release|Any CPU
		{7F50FA3D-6D32-40E0-90E9-3FB08A383D4C}.Release|iPhoneSimulator.ActiveCfg = Release|Any CPU
		{7F50FA3D-6D32-40E0-90E9-3FB08A383D4C}.Release|iPhoneSimulator.Build.0 = Release|Any CPU
		{7F50FA3D-6D32-40E0-90E9-3FB08A383D4C}.test|iPhone.ActiveCfg = test|iPhone
		{7F50FA3D-6D32-40E0-90E9-3FB08A383D4C}.test|iPhone.Build.0 = test|iPhone
		{9DB1F724-7188-4F35-B733-60E2C31358CA}.Debug|Any CPU.ActiveCfg = Debug|Any CPU
		{9DB1F724-7188-4F35-B733-60E2C31358CA}.Debug|Any CPU.Build.0 = Debug|Any CPU
		{9DB1F724-7188-4F35-B733-60E2C31358CA}.Debug|iPhone.ActiveCfg = Debug|Any CPU
		{9DB1F724-7188-4F35-B733-60E2C31358CA}.Debug|iPhone.Build.0 = Debug|Any CPU
		{9DB1F724-7188-4F35-B733-60E2C31358CA}.Debug|iPhoneSimulator.ActiveCfg = Debug|Any CPU
		{9DB1F724-7188-4F35-B733-60E2C31358CA}.Debug|iPhoneSimulator.Build.0 = Debug|Any CPU
		{9DB1F724-7188-4F35-B733-60E2C31358CA}.Release|Any CPU.ActiveCfg = Release|Any CPU
		{9DB1F724-7188-4F35-B733-60E2C31358CA}.Release|Any CPU.Build.0 = Release|Any CPU
		{9DB1F724-7188-4F35-B733-60E2C31358CA}.Release|iPhone.ActiveCfg = Release|Any CPU
		{9DB1F724-7188-4F35-B733-60E2C31358CA}.Release|iPhone.Build.0 = Release|Any CPU
		{9DB1F724-7188-4F35-B733-60E2C31358CA}.Release|iPhoneSimulator.ActiveCfg = Release|Any CPU
		{9DB1F724-7188-4F35-B733-60E2C31358CA}.Release|iPhoneSimulator.Build.0 = Release|Any CPU
		{9DB1F724-7188-4F35-B733-60E2C31358CA}.test|iPhone.ActiveCfg = test|iPhone
		{9DB1F724-7188-4F35-B733-60E2C31358CA}.test|iPhone.Build.0 = test|iPhone
	EndGlobalSection
EndGlobal
